<?xml version="1.0" encoding="utf-8"?>
<Project ToolsVersion="4.0" xmlns="http://schemas.microsoft.com/developer/msbuild/2003">
  <ItemGroup>
    <Filter Include="Source Files">
      <UniqueIdentifier>{4FC737F1-C7A5-4376-A066-2A32D752A2FF}</UniqueIdentifier>
      <Extensions>cpp;c;cc;cxx;def;odl;idl;hpj;bat;asm;asmx</Extensions>
    </Filter>
    <Filter Include="Source Files\GAME">
      <UniqueIdentifier>{e1d2b5df-d5c6-4fe4-946d-2f4958121c27}</UniqueIdentifier>
    </Filter>
    <Filter Include="Source Files\PHYSICS">
      <UniqueIdentifier>{afebbeef-1c7b-4378-b368-eec4a374d566}</UniqueIdentifier>
    </Filter>
    <Filter Include="Source Files\GRAPHICS">
      <UniqueIdentifier>{c8d5b417-ad92-4e3b-a25b-c6c3a0f22df2}</UniqueIdentifier>
    </Filter>
    <Filter Include="Header Files">
      <UniqueIdentifier>{93995380-89BD-4b04-88EB-625FBE52EBFB}</UniqueIdentifier>
      <Extensions>h;hpp;hxx;hm;inl;inc;xsd</Extensions>
    </Filter>
    <Filter Include="Header Files\MATH">
      <UniqueIdentifier>{c7f9a912-118b-4464-80bb-f730604860d4}</UniqueIdentifier>
    </Filter>
    <Filter Include="Header Files\GAME">
      <UniqueIdentifier>{1769b660-4cc2-4b56-bf33-3091e7398464}</UniqueIdentifier>
    </Filter>
    <Filter Include="Header Files\DEBUG">
      <UniqueIdentifier>{5e306ef8-e8ba-44a8-b24a-9bfbc5f39418}</UniqueIdentifier>
    </Filter>
    <Filter Include="Header Files\FUNDAMENTAL">
      <UniqueIdentifier>{4acc57a5-3823-4bcd-b718-fe93d6876d87}</UniqueIdentifier>
    </Filter>
    <Filter Include="Header Files\GRAPHICS">
      <UniqueIdentifier>{c9ca8dbb-376b-4a62-bba6-f08c9cc6909d}</UniqueIdentifier>
    </Filter>
    <Filter Include="Header Files\PHYSICS">
      <UniqueIdentifier>{ba7df80b-e155-4f1e-ac59-655e61535b5d}</UniqueIdentifier>
    </Filter>
    <Filter Include="Header Files\PLATFORM">
      <UniqueIdentifier>{74c39189-2885-4464-a1f9-13ef7a8dab17}</UniqueIdentifier>
    </Filter>
    <Filter Include="Resource Files">
      <UniqueIdentifier>{67DA6AB6-F800-4c08-8B7A-83BB121AAD01}</UniqueIdentifier>
      <Extensions>rc;ico;cur;bmp;dlg;rc2;rct;bin;rgs;gif;jpg;jpeg;jpe;resx;tiff;tif;png;wav</Extensions>
    </Filter>
  </ItemGroup>
  <ItemGroup>
    <ClCompile Include="SOURCE\GAME\game_core_engine.cpp">
      <Filter>Source Files\GAME</Filter>
    </ClCompile>
    <ClCompile Include="SOURCE\GAME\game_window.cpp">
      <Filter>Source Files\GAME</Filter>
    </ClCompile>
    <ClCompile Include="SOURCE\PHYSICS\physics_collision_2d.cpp">
      <Filter>Source Files\PHYSICS</Filter>
    </ClCompile>
    <ClCompile Include="SOURCE\PHYSICS\physics_fluid_particle_position_loader.cpp">
      <Filter>Source Files\PHYSICS</Filter>
    </ClCompile>
    <ClCompile Include="SOURCE\PHYSICS\physics_fluid_sph_viscoelastic.cpp">
      <Filter>Source Files\PHYSICS</Filter>
    </ClCompile>
    <ClCompile Include="SOURCE\PHYSICS\physics_integration_prediction_relaxation.cpp">
      <Filter>Source Files\PHYSICS</Filter>
    </ClCompile>
    <ClCompile Include="SOURCE\PHYSICS\physics_mouse_interaction.cpp">
      <Filter>Source Files\PHYSICS</Filter>
    </ClCompile>
    <ClCompile Include="SOURCE\PHYSICS\physics_spring.cpp">
      <Filter>Source Files\PHYSICS</Filter>
    </ClCompile>
    <ClCompile Include="SOURCE\GRAPHICS\graphics_image_pixel_loader.cpp">
      <Filter>Source Files\GRAPHICS</Filter>
    </ClCompile>
    <ClCompile Include="SOURCE\GRAPHICS\graphics_marching_squares.cpp">
      <Filter>Source Files\GRAPHICS</Filter>
    </ClCompile>
  </ItemGroup>
  <ItemGroup>
    <ClInclude Include="SOURCE\MATH\math_point_2d.h">
      <Filter>Header Files\MATH</Filter>
    </ClInclude>
    <ClInclude Include="SOURCE\MATH\math_square_root.h">
      <Filter>Header Files\MATH</Filter>
    </ClInclude>
    <ClInclude Include="SOURCE\MATH\math_vector_2d.h">
      <Filter>Header Files\MATH</Filter>
    </ClInclude>
    <ClInclude Include="SOURCE\GAME\game_core_engine.h">
      <Filter>Header Files\GAME</Filter>
    </ClInclude>
    <ClInclude Include="SOURCE\GAME\game_window.h">
      <Filter>Header Files\GAME</Filter>
    </ClInclude>
    <ClInclude Include="SOURCE\FUNDAMENTAL\fundamental_delta_time.h">
      <Filter>Header Files\FUNDAMENTAL</Filter>
    </ClInclude>
    <ClInclude Include="SOURCE\GRAPHICS\graphics_color.h">
      <Filter>Header Files\GRAPHICS</Filter>
    </ClInclude>
    <ClInclude Include="SOURCE\GRAPHICS\graphics_image_pixel_loader.h">
      <Filter>Header Files\GRAPHICS</Filter>
    </ClInclude>
    <ClInclude Include="SOURCE\GRAPHICS\graphics_marching_squares.h">
      <Filter>Header Files\GRAPHICS</Filter>
    </ClInclude>
    <ClInclude Include="SOURCE\PHYSICS\physics_collision_2d.h">
      <Filter>Header Files\PHYSICS</Filter>
    </ClInclude>
    <ClInclude Include="SOURCE\PHYSICS\physics_entity.h">
      <Filter>Header Files\PHYSICS</Filter>
    </ClInclude>
    <ClInclude Include="SOURCE\PHYSICS\physics_fluid_neighbour_particle.h">
      <Filter>Header Files\PHYSICS</Filter>
    </ClInclude>
    <ClInclude Include="SOURCE\PHYSICS\physics_fluid_neighbour_particle_array.h">
      <Filter>Header Files\PHYSICS</Filter>
    </ClInclude>
    <ClInclude Include="SOURCE\PHYSICS\physics_fluid_particle.h">
      <Filter>Header Files\PHYSICS</Filter>
    </ClInclude>
    <ClInclude Include="SOURCE\PHYSICS\physics_fluid_particle_position_loader.h">
      <Filter>Header Files\PHYSICS</Filter>
    </ClInclude>
    <ClInclude Include="SOURCE\PHYSICS\physics_fluid_sph_viscoelastic.h">
      <Filter>Header Files\PHYSICS</Filter>
    </ClInclude>
    <ClInclude Include="SOURCE\PHYSICS\physics_integration.h">
      <Filter>Header Files\PHYSICS</Filter>
    </ClInclude>
    <ClInclude Include="SOURCE\PHYSICS\physics_integration_prediction_relaxation.h">
      <Filter>Header Files\PHYSICS</Filter>
    </ClInclude>
    <ClInclude Include="SOURCE\PHYSICS\physics_level_constants.h">
      <Filter>Header Files\PHYSICS</Filter>
    </ClInclude>
    <ClInclude Include="SOURCE\PHYSICS\physics_level_fluid_constants.h">
      <Filter>Header Files\PHYSICS</Filter>
    </ClInclude>
    <ClInclude Include="SOURCE\PHYSICS\physics_mouse_interaction.h">
      <Filter>Header Files\PHYSICS</Filter>
    </ClInclude>
    <ClInclude Include="SOURCE\PHYSICS\physics_spring.h">
      <Filter>Header Files\PHYSICS</Filter>
    </ClInclude>
    <ClInclude Include="SOURCE\PHYSICS\physics_spring_array.h">
      <Filter>Header Files\PHYSICS</Filter>
    </ClInclude>
    <ClInclude Include="SOURCE\PLATFORM\platform_file_reader.h">
      <Filter>Header Files\PLATFORM</Filter>
    </ClInclude>
    <ClInclude Include="SOURCE\GAME\game_thread_pool.h">
      <Filter>Header Files\GAME</Filter>
    </ClInclude>
    <ClInclude Include="SOURCE\FUNDAMENTAL\fundamental_singleton.h">
      <Filter>Header Files\FUNDAMENTAL</Filter>
    </ClInclude>
    <ClInclude Include="SOURCE\GAME\game_thread_manager.h">
      <Filter>Header Files\GAME</Filter>
    </ClInclude>
  </ItemGroup>
</Project>